// !$*UTF8*$!
{
	archiveVersion = 1;
	classes = {
	};
	objectVersion = 46;
	objects = {

/* Begin PBXBuildFile section */
		ACFF032D1E498AF300AC8FBA /* AppDelegate.swift in Sources */ = {isa = PBXBuildFile; fileRef = ACFF032C1E498AF300AC8FBA /* AppDelegate.swift */; };
		ACFF032F1E498AF300AC8FBA /* ViewController.swift in Sources */ = {isa = PBXBuildFile; fileRef = ACFF032E1E498AF300AC8FBA /* ViewController.swift */; };
		ACFF03321E498AF300AC8FBA /* Main.storyboard in Resources */ = {isa = PBXBuildFile; fileRef = ACFF03301E498AF300AC8FBA /* Main.storyboard */; };
		ACFF03341E498AF300AC8FBA /* Assets.xcassets in Resources */ = {isa = PBXBuildFile; fileRef = ACFF03331E498AF300AC8FBA /* Assets.xcassets */; };
		ACFF03371E498AF300AC8FBA /* LaunchScreen.storyboard in Resources */ = {isa = PBXBuildFile; fileRef = ACFF03351E498AF300AC8FBA /* LaunchScreen.storyboard */; };
		ACFF033F1E4996FE00AC8FBA /* CollectionViewCell.swift in Sources */ = {isa = PBXBuildFile; fileRef = ACFF033E1E4996FE00AC8FBA /* CollectionViewCell.swift */; };
		ACFF035F1E49B99000AC8FBA /* ViewPhoto.swift in Sources */ = {isa = PBXBuildFile; fileRef = ACFF035E1E49B99000AC8FBA /* ViewPhoto.swift */; };
/* End PBXBuildFile section */

/* Begin PBXFileReference section */
		ACFF03291E498AF300AC8FBA /* hasibal.app */ = {isa = PBXFileReference; explicitFileType = wrapper.application; includeInIndex = 0; path = hasibal.app; sourceTree = BUILT_PRODUCTS_DIR; };
		ACFF032C1E498AF300AC8FBA /* AppDelegate.swift */ = {isa = PBXFileReference; lastKnownFileType = sourcecode.swift; path = AppDelegate.swift; sourceTree = "<group>"; };
		ACFF032E1E498AF300AC8FBA /* ViewController.swift */ = {isa = PBXFileReference; lastKnownFileType = sourcecode.swift; path = ViewController.swift; sourceTree = "<group>"; };
		ACFF03311E498AF300AC8FBA /* Base */ = {isa = PBXFileReference; lastKnownFileType = file.storyboard; name = Base; path = Base.lproj/Main.storyboard; sourceTree = "<group>"; };
		ACFF03331E498AF300AC8FBA /* Assets.xcassets */ = {isa = PBXFileReference; lastKnownFileType = folder.assetcatalog; path = Assets.xcassets; sourceTree = "<group>"; };
		ACFF03361E498AF300AC8FBA /* Base */ = {isa = PBXFileReference; lastKnownFileType = file.storyboard; name = Base; path = Base.lproj/LaunchScreen.storyboard; sourceTree = "<group>"; };
		ACFF03381E498AF300AC8FBA /* Info.plist */ = {isa = PBXFileReference; lastKnownFileType = text.plist.xml; path = Info.plist; sourceTree = "<group>"; };
		ACFF033E1E4996FE00AC8FBA /* CollectionViewCell.swift */ = {isa = PBXFileReference; fileEncoding = 4; lastKnownFileType = sourcecode.swift; path = CollectionViewCell.swift; sourceTree = "<group>"; };
		ACFF035E1E49B99000AC8FBA /* ViewPhoto.swift */ = {isa = PBXFileReference; fileEncoding = 4; lastKnownFileType = sourcecode.swift; path = ViewPhoto.swift; sourceTree = "<group>"; };
/* End PBXFileReference section */

/* Begin PBXFrameworksBuildPhase section */
		ACFF03261E498AF300AC8FBA /* Frameworks */ = {
			isa = PBXFrameworksBuildPhase;
			buildActionMask = 2147483647;
			files = (
			);
			runOnlyForDeploymentPostprocessing = 0;
		};
/* End PBXFrameworksBuildPhase section */

/* Begin PBXGroup section */
		ACFF03201E498AF300AC8FBA = {
			isa = PBXGroup;
			children = (
				ACFF032B1E498AF300AC8FBA /* hasibal */,
				ACFF032A1E498AF300AC8FBA /* Products */,
			);
			sourceTree = "<group>";
		};
		ACFF032A1E498AF300AC8FBA /* Products */ = {
			isa = PBXGroup;
			children = (
				ACFF03291E498AF300AC8FBA /* hasibal.app */,
			);
			name = Products;
			sourceTree = "<group>";
		};
		ACFF032B1E498AF300AC8FBA /* hasibal */ = {
			isa = PBXGroup;
			children = (
				ACFF032C1E498AF300AC8FBA /* AppDelegate.swift */,
				ACFF033E1E4996FE00AC8FBA /* CollectionViewCell.swift */,
				ACFF032E1E498AF300AC8FBA /* ViewController.swift */,
				ACFF035E1E49B99000AC8FBA /* ViewPhoto.swift */,
				ACFF03301E498AF300AC8FBA /* Main.storyboard */,
				ACFF03331E498AF300AC8FBA /* Assets.xcassets */,
				ACFF03351E498AF300AC8FBA /* LaunchScreen.storyboard */,
				ACFF03381E498AF300AC8FBA /* Info.plist */,
			);
			path = hasibal;
			sourceTree = "<group>";
		};
/* End PBXGroup section */

/* Begin PBXNativeTarget section */
		ACFF03281E498AF300AC8FBA /* hasibal */ = {
			isa = PBXNativeTarget;
			buildConfigurationList = ACFF033B1E498AF300AC8FBA /* Build configuration list for PBXNativeTarget "hasibal" */;
			buildPhases = (
				ACFF03251E498AF300AC8FBA /* Sources */,
				ACFF03261E498AF300AC8FBA /* Frameworks */,
				ACFF03271E498AF300AC8FBA /* Resources */,
			);
			buildRules = (
			);
			dependencies = (
			);
			name = hasibal;
			productName = hasibal;
			productReference = ACFF03291E498AF300AC8FBA /* hasibal.app */;
			productType = "com.apple.product-type.application";
		};
/* End PBXNativeTarget section */

/* Begin PBXProject section */
		ACFF03211E498AF300AC8FBA /* Project object */ = {
			isa = PBXProject;
			attributes = {
				LastSwiftUpdateCheck = 0820;
				LastUpgradeCheck = 0820;
				ORGANIZATIONNAME = test;
				TargetAttributes = {
					ACFF03281E498AF300AC8FBA = {
						CreatedOnToolsVersion = 8.2.1;
						ProvisioningStyle = Automatic;
					};
				};
			};
			buildConfigurationList = ACFF03241E498AF300AC8FBA /* Build configuration list for PBXProject "hasibal" */;
			compatibilityVersion = "Xcode 3.2";
			developmentRegion = English;
			hasScannedForEncodings = 0;
			knownRegions = (
				en,
				Base,
			);
			mainGroup = ACFF03201E498AF300AC8FBA;
			productRefGroup = ACFF032A1E498AF300AC8FBA /* Products */;
			projectDirPath = "";
			projectRoot = "";
			targets = (
				ACFF03281E498AF300AC8FBA /* hasibal */,
			);
		};
/* End PBXProject section */

/* Begin PBXResourcesBuildPhase section */
		ACFF03271E498AF300AC8FBA /* Resources */ = {
			isa = PBXResourcesBuildPhase;
			buildActionMask = 2147483647;
			files = (
				ACFF03371E498AF300AC8FBA /* LaunchScreen.storyboard in Resources */,
				ACFF03341E498AF300AC8FBA /* Assets.xcassets in Resources */,
				ACFF03321E498AF300AC8FBA /* Main.storyboard in Resources */,
			);
			runOnlyForDeploymentPostprocessing = 0;
		};
/* End PBXResourcesBuildPhase section */

/* Begin PBXSourcesBuildPhase section */
		ACFF03251E498AF300AC8FBA /* Sources */ = {
			isa = PBXSourcesBuildPhase;
			buildActionMask = 2147483647;
			files = (
				ACFF032F1E498AF300AC8FBA /* ViewController.swift in Sources */,
				ACFF032D1E498AF300AC8FBA /* AppDelegate.swift in Sources */,
				ACFF033F1E4996FE00AC8FBA /* CollectionViewCell.swift in Sources */,
				ACFF035F1E49B99000AC8FBA /* ViewPhoto.swift in Sources */,
			);
			runOnlyForDeploymentPostprocessing = 0;
		};
/* End PBXSourcesBuildPhase section */

/* Begin PBXVariantGroup section */
		ACFF03301E498AF300AC8FBA /* Main.storyboard */ = {
			isa = PBXVariantGroup;
			children = (
				ACFF03311E498AF300AC8FBA /* Base */,
			);
			name = Main.storyboard;
			sourceTree = "<group>";
		};
		ACFF03351E498AF300AC8FBA /* LaunchScreen.storyboard */ = {
			isa = PBXVariantGroup;
			children = (
				ACFF03361E498AF300AC8FBA /* Base */,
			);
			name = LaunchScreen.storyboard;
			sourceTree = "<group>";
		};
/* End PBXVariantGroup section */

/* Begin XCBuildConfiguration section */
		ACFF03391E498AF300AC8FBA /* Debug */ = {
			isa = XCBuildConfiguration;
			buildSettings = {
				ALWAYS_SEARCH_USER_PATHS = NO;
				CLANG_ANALYZER_NONNULL = YES;
				CLANG_CXX_LANGUAGE_STANDARD = "gnu++0x";
				CLANG_CXX_LIBRARY = "libc++";
				CLANG_ENABLE_MODULES = YES;
				CLANG_ENABLE_OBJC_ARC = YES;
				CLANG_WARN_BOOL_CONVERSION = YES;
				CLANG_WARN_CONSTANT_CONVERSION = YES;
				CLANG_WARN_DIRECT_OBJC_ISA_USAGE = YES_ERROR;
				CLANG_WARN_DOCUMENTATION_COMMENTS = YES;
				CLANG_WARN_EMPTY_BODY = YES;
				CLANG_WARN_ENUM_CONVERSION = YES;
				CLANG_WARN_INFINITE_RECURSION = YES;
				CLANG_WARN_INT_CONVERSION = YES;
				CLANG_WARN_OBJC_ROOT_CLASS = YES_ERROR;
				CLANG_WARN_SUSPICIOUS_MOVE = YES;
				CLANG_WARN_UNREACHABLE_CODE = YES;
				CLANG_WARN__DUPLICATE_METHOD_MATCH = YES;
				"CODE_SIGN_IDENTITY[sdk=iphoneos*]" = "iPhone Developer";
				COPY_PHASE_STRIP = NO;
				DEBUG_INFORMATION_FORMAT = dwarf;
				ENABLE_STRICT_OBJC_MSGSEND = YES;
				ENABLE_TESTABILITY = YES;
				GCC_C_LANGUAGE_STANDARD = gnu99;
				GCC_DYNAMIC_NO_PIC = NO;
				GCC_NO_COMMON_BLOCKS = YES;
				GCC_OPTIMIZATION_LEVEL = 0;
				GCC_PREPROCESSOR_DEFINITIONS = (
					"DEBUG=1",
					"$(inherited)",
				);
				GCC_WARN_64_TO_32_BIT_CONVERSION = YES;
				GCC_WARN_ABOUT_RETURN_TYPE = YES_ERROR;
				GCC_WARN_UNDECLARED_SELECTOR = YES;
				GCC_WARN_UNINITIALIZED_AUTOS = YES_AGGRESSIVE;
				GCC_WARN_UNUSED_FUNCTION = YES;
				GCC_WARN_UNUSED_VARIABLE = YES;
				IPHONEOS_DEPLOYMENT_TARGET = 10.2;
				MTL_ENABLE_DEBUG_INFO = YES;
				ONLY_ACTIVE_ARCH = YES;
				SDKROOT = iphoneos;
				SWIFT_ACTIVE_COMPILATION_CONDITIONS = DEBUG;
				SWIFT_OPTIMIZATION_LEVEL = "-Onone";
				TARGETED_DEVICE_FAMILY = "1,2";
			};
			name = Debug;
		};
		ACFF033A1E498AF300AC8FBA /* Release */ = {
			isa = XCBuildConfiguration;
			buildSettings = {
				ALWAYS_SEARCH_USER_PATHS = NO;
				CLANG_ANALYZER_NONNULL = YES;
				CLANG_CXX_LANGUAGE_STANDARD = "gnu++0x";
				CLANG_CXX_LIBRARY = "libc++";
				CLANG_ENABLE_MODULES = YES;
				CLANG_ENABLE_OBJC_ARC = YES;
				CLANG_WARN_BOOL_CONVERSION = YES;
				CLANG_WARN_CONSTANT_CONVERSION = YES;
				CLANG_WARN_DIRECT_OBJC_ISA_USAGE = YES_ERROR;
				CLANG_WARN_DOCUMENTATION_COMMENTS = YES;
				CLANG_WARN_EMPTY_BODY = YES;
				CLANG_WARN_ENUM_CONVERSION = YES;
				CLANG_WARN_INFINITE_RECURSION = YES;
				CLANG_WARN_INT_CONVERSION = YES;
				CLANG_WARN_OBJC_ROOT_CLASS = YES_ERROR;
				CLANG_WARN_SUSPICIOUS_MOVE = YES;
				CLANG_WARN_UNREACHABLE_CODE = YES;
				CLANG_WARN__DUPLICATE_METHOD_MATCH = YES;
				"CODE_SIGN_IDENTITY[sdk=iphoneos*]" = "iPhone Developer";
				COPY_PHASE_STRIP = NO;
				DEBUG_INFORMATION_FORMAT = "dwarf-with-dsym";
				ENABLE_NS_ASSERTIONS = NO;
				ENABLE_STRICT_OBJC_MSGSEND = YES;
				GCC_C_LANGUAGE_STANDARD = gnu99;
				GCC_NO_COMMON_BLOCKS = YES;
				GCC_WARN_64_TO_32_BIT_CONVERSION = YES;
				GCC_WARN_ABOUT_RETURN_TYPE = YES_ERROR;
				GCC_WARN_UNDECLARED_SELECTOR = YES;
				GCC_WARN_UNINITIALIZED_AUTOS = YES_AGGRESSIVE;
				GCC_WARN_UNUSED_FUNCTION = YES;
				GCC_WARN_UNUSED_VARIABLE = YES;
				IPHONEOS_DEPLOYMENT_TARGET = 10.2;
				MTL_ENABLE_DEBUG_INFO = NO;
				SDKROOT = iphoneos;
				SWIFT_OPTIMIZATION_LEVEL = "-Owholemodule";
				TARGETED_DEVICE_FAMILY = "1,2";
				VALIDATE_PRODUCT = YES;
			};
			name = Release;
		};
		ACFF033C1E498AF300AC8FBA /* Debug */ = {
			isa = XCBuildConfiguration;
			buildSettings = {
				ASSETCATALOG_COMPILER_APPICON_NAME = AppIcon;
				INFOPLIST_FILE = hasibal/Info.plist;
				LD_RUNPATH_SEARCH_PATHS = "$(inherited) @executable_path/Frameworks";
				PRODUCT_BUNDLE_IDENTIFIER = test.hasibal;
				PRODUCT_NAME = "$(TARGET_NAME)";
				SWIFT_VERSION = 3.0;
			};
			name = Debug;
		};
		ACFF033D1E498AF300AC8FBA /* Release */ = {
			isa = XCBuildConfiguration;
			buildSettings = {
				ASSETCATALOG_COMPILER_APPICON_NAME = AppIcon;
				INFOPLIST_FILE = hasibal/Info.plist;
				LD_RUNPATH_SEARCH_PATHS = "$(inherited) @executable_path/Frameworks";
				PRODUCT_BUNDLE_IDENTIFIER = test.hasibal;
				PRODUCT_NAME = "$(TARGET_NAME)";
				SWIFT_VERSION = 3.0;
			};
			name = Release;
		};
/* End XCBuildConfiguration section */

/* Begin XCConfigurationList section */
		ACFF03241E498AF300AC8FBA /* Build configuration list for PBXProject "hasibal" */ = {
			isa = XCConfigurationList;
			buildConfigurations = (
				ACFF03391E498AF300AC8FBA /* Debug */,
				ACFF033A1E498AF300AC8FBA /* Release */,
			);
			defaultConfigurationIsVisible = 0;
			defaultConfigurationName = Release;
		};
		ACFF033B1E498AF300AC8FBA /* Build configuration list for PBXNativeTarget "hasibal" */ = {
			isa = XCConfigurationList;
			buildConfigurations = (
				ACFF033C1E498AF300AC8FBA /* Debug */,
				ACFF033D1E498AF300AC8FBA /* Release */,
			);
			defaultConfigurationIsVisible = 0;
			defaultConfigurationName = Release;
		};
/* End XCConfigurationList section */
	};
	rootObject = ACFF03211E498AF300AC8FBA /* Project object */;
}
